
Microsoft Visual Studio Solution File, Format Version 12.00
# Visual Studio 15
VisualStudioVersion = 15.0.28307.705
MinimumVisualStudioVersion = 10.0.40219.1
Project("{FAE04EC0-301F-11D3-BF4B-00C04F79EFBC}") = "BuilderPattern", "BuilderPattern\BuilderPattern.csproj", "{2903DEC8-2755-48C1-BBC8-C58DAB1793FD}"
EndProject
Project("{FAE04EC0-301F-11D3-BF4B-00C04F79EFBC}") = "FactoryMethod", "FactoryMethod\FactoryMethod.csproj", "{7D80AED2-5731-4915-9586-FA5639C667EE}"
EndProject
Project("{FAE04EC0-301F-11D3-BF4B-00C04F79EFBC}") = "Prototype", "Prototype\Prototype.csproj", "{C028004B-8CC8-4FEF-8B5E-15A8C4D712A4}"
EndProject
Project("{FAE04EC0-301F-11D3-BF4B-00C04F79EFBC}") = "Singleton", "Singleton\Singleton.csproj", "{F6972DC1-BA35-4F0D-B0E3-2C10D8697BFD}"
EndProject
Project("{FAE04EC0-301F-11D3-BF4B-00C04F79EFBC}") = "AbstractFactory", "AbstractFactory\AbstractFactory.csproj", "{4D61ED41-DF00-494B-BC9A-E644CA8D987B}"
EndProject
Global
	GlobalSection(SolutionConfigurationPlatforms) = preSolution
		Debug|Any CPU = Debug|Any CPU
		Release|Any CPU = Release|Any CPU
	EndGlobalSection
	GlobalSection(ProjectConfigurationPlatforms) = postSolution
		{2903DEC8-2755-48C1-BBC8-C58DAB1793FD}.Debug|Any CPU.ActiveCfg = Debug|Any CPU
		{2903DEC8-2755-48C1-BBC8-C58DAB1793FD}.Debug|Any CPU.Build.0 = Debug|Any CPU
		{2903DEC8-2755-48C1-BBC8-C58DAB1793FD}.Release|Any CPU.ActiveCfg = Release|Any CPU
		{2903DEC8-2755-48C1-BBC8-C58DAB1793FD}.Release|Any CPU.Build.0 = Release|Any CPU
		{7D80AED2-5731-4915-9586-FA5639C667EE}.Debug|Any CPU.ActiveCfg = Debug|Any CPU
		{7D80AED2-5731-4915-9586-FA5639C667EE}.Debug|Any CPU.Build.0 = Debug|Any CPU
		{7D80AED2-5731-4915-9586-FA5639C667EE}.Release|Any CPU.ActiveCfg = Release|Any CPU
		{7D80AED2-5731-4915-9586-FA5639C667EE}.Release|Any CPU.Build.0 = Release|Any CPU
		{C028004B-8CC8-4FEF-8B5E-15A8C4D712A4}.Debug|Any CPU.ActiveCfg = Debug|Any CPU
		{C028004B-8CC8-4FEF-8B5E-15A8C4D712A4}.Debug|Any CPU.Build.0 = Debug|Any CPU
		{C028004B-8CC8-4FEF-8B5E-15A8C4D712A4}.Release|Any CPU.ActiveCfg = Release|Any CPU
		{C028004B-8CC8-4FEF-8B5E-15A8C4D712A4}.Release|Any CPU.Build.0 = Release|Any CPU
		{F6972DC1-BA35-4F0D-B0E3-2C10D8697BFD}.Debug|Any CPU.ActiveCfg = Debug|Any CPU
		{F6972DC1-BA35-4F0D-B0E3-2C10D8697BFD}.Debug|Any CPU.Build.0 = Debug|Any CPU
		{F6972DC1-BA35-4F0D-B0E3-2C10D8697BFD}.Release|Any CPU.ActiveCfg = Release|Any CPU
		{F6972DC1-BA35-4F0D-B0E3-2C10D8697BFD}.Release|Any CPU.Build.0 = Release|Any CPU
		{4D61ED41-DF00-494B-BC9A-E644CA8D987B}.Debug|Any CPU.ActiveCfg = Debug|Any CPU
		{4D61ED41-DF00-494B-BC9A-E644CA8D987B}.Debug|Any CPU.Build.0 = Debug|Any CPU
		{4D61ED41-DF00-494B-BC9A-E644CA8D987B}.Release|Any CPU.ActiveCfg = Release|Any CPU
		{4D61ED41-DF00-494B-BC9A-E644CA8D987B}.Release|Any CPU.Build.0 = Release|Any CPU
	EndGlobalSection
	GlobalSection(SolutionProperties) = preSolution
		HideSolutionNode = FALSE
	EndGlobalSection
	GlobalSection(ExtensibilityGlobals) = postSolution
		SolutionGuid = {858CA40A-2AD7-4E02-AB7A-BEFFA4038647}
	EndGlobalSection
EndGlobal
